
Microsoft Visual Studio Solution File, Format Version 12.00
# Visual Studio 14
VisualStudioVersion = 14.0.23107.0
MinimumVisualStudioVersion = 10.0.40219.1
Project("{8BC9CEB8-8B4A-11D0-8D11-00A0C91BC942}") = "CPP_sample", "CPP_sample\CPP_sample.vcxproj", "{69715D9B-44B5-4048-83AA-BC9919FA2444}"
EndProject
Project("{FAE04EC0-301F-11D3-BF4B-00C04F79EFBC}") = "CS_sample", "CS_sample\CS_sample.csproj", "{7CE6CDD9-C5C7-4287-B6CB-5698D99B3F91}"
EndProject
Project("{F184B08F-C81C-45F6-A57F-5ABD9991F28F}") = "VB_sample", "VB_sample\VB_sample.vbproj", "{4E0A1EA3-2B36-424E-ABF0-15DD774332E9}"
EndProject
Project("{8BC9CEB8-8B4A-11D0-8D11-00A0C91BC942}") = "DirectX_XAML_sample", "DirectX_XAML_sample\DirectX_XAML_sample.vcxproj", "{9154EA33-632B-4C4E-BBE7-A40FF309D2BF}"
EndProject
Project("{FAE04EC0-301F-11D3-BF4B-00C04F79EFBC}") = "CS_sample_Windows8.1", "CS_sample_Windows8.1\CS_sample_Windows8.1.csproj", "{A6AB7948-81B2-47B4-9483-AF2274AEA669}"
EndProject
Global
	GlobalSection(SolutionConfigurationPlatforms) = preSolution
		Debug|Any CPU = Debug|Any CPU
		Debug|ARM = Debug|ARM
		Debug|x64 = Debug|x64
		Debug|x86 = Debug|x86
		Release|Any CPU = Release|Any CPU
		Release|ARM = Release|ARM
		Release|x64 = Release|x64
		Release|x86 = Release|x86
	EndGlobalSection
	GlobalSection(ProjectConfigurationPlatforms) = postSolution
		{69715D9B-44B5-4048-83AA-BC9919FA2444}.Debug|Any CPU.ActiveCfg = Debug|Win32
		{69715D9B-44B5-4048-83AA-BC9919FA2444}.Debug|ARM.ActiveCfg = Debug|ARM
		{69715D9B-44B5-4048-83AA-BC9919FA2444}.Debug|ARM.Build.0 = Debug|ARM
		{69715D9B-44B5-4048-83AA-BC9919FA2444}.Debug|ARM.Deploy.0 = Debug|ARM
		{69715D9B-44B5-4048-83AA-BC9919FA2444}.Debug|x64.ActiveCfg = Debug|x64
		{69715D9B-44B5-4048-83AA-BC9919FA2444}.Debug|x64.Build.0 = Debug|x64
		{69715D9B-44B5-4048-83AA-BC9919FA2444}.Debug|x64.Deploy.0 = Debug|x64
		{69715D9B-44B5-4048-83AA-BC9919FA2444}.Debug|x86.ActiveCfg = Debug|Win32
		{69715D9B-44B5-4048-83AA-BC9919FA2444}.Debug|x86.Build.0 = Debug|Win32
		{69715D9B-44B5-4048-83AA-BC9919FA2444}.Debug|x86.Deploy.0 = Debug|Win32
		{69715D9B-44B5-4048-83AA-BC9919FA2444}.Release|Any CPU.ActiveCfg = Release|Win32
		{69715D9B-44B5-4048-83AA-BC9919FA2444}.Release|ARM.ActiveCfg = Release|ARM
		{69715D9B-44B5-4048-83AA-BC9919FA2444}.Release|ARM.Build.0 = Release|ARM
		{69715D9B-44B5-4048-83AA-BC9919FA2444}.Release|ARM.Deploy.0 = Release|ARM
		{69715D9B-44B5-4048-83AA-BC9919FA2444}.Release|x64.ActiveCfg = Release|x64
		{69715D9B-44B5-4048-83AA-BC9919FA2444}.Release|x64.Build.0 = Release|x64
		{69715D9B-44B5-4048-83AA-BC9919FA2444}.Release|x64.Deploy.0 = Release|x64
		{69715D9B-44B5-4048-83AA-BC9919FA2444}.Release|x86.ActiveCfg = Release|Win32
		{69715D9B-44B5-4048-83AA-BC9919FA2444}.Release|x86.Build.0 = Release|Win32
		{69715D9B-44B5-4048-83AA-BC9919FA2444}.Release|x86.Deploy.0 = Release|Win32
		{7CE6CDD9-C5C7-4287-B6CB-5698D99B3F91}.Debug|Any CPU.ActiveCfg = Debug|x86
		{7CE6CDD9-C5C7-4287-B6CB-5698D99B3F91}.Debug|ARM.ActiveCfg = Debug|ARM
		{7CE6CDD9-C5C7-4287-B6CB-5698D99B3F91}.Debug|ARM.Build.0 = Debug|ARM
		{7CE6CDD9-C5C7-4287-B6CB-5698D99B3F91}.Debug|ARM.Deploy.0 = Debug|ARM
		{7CE6CDD9-C5C7-4287-B6CB-5698D99B3F91}.Debug|x64.ActiveCfg = Debug|x64
		{7CE6CDD9-C5C7-4287-B6CB-5698D99B3F91}.Debug|x64.Build.0 = Debug|x64
		{7CE6CDD9-C5C7-4287-B6CB-5698D99B3F91}.Debug|x64.Deploy.0 = Debug|x64
		{7CE6CDD9-C5C7-4287-B6CB-5698D99B3F91}.Debug|x86.ActiveCfg = Debug|x86
		{7CE6CDD9-C5C7-4287-B6CB-5698D99B3F91}.Debug|x86.Build.0 = Debug|x86
		{7CE6CDD9-C5C7-4287-B6CB-5698D99B3F91}.Debug|x86.Deploy.0 = Debug|x86
		{7CE6CDD9-C5C7-4287-B6CB-5698D99B3F91}.Release|Any CPU.ActiveCfg = Release|x86
		{7CE6CDD9-C5C7-4287-B6CB-5698D99B3F91}.Release|ARM.ActiveCfg = Release|ARM
		{7CE6CDD9-C5C7-4287-B6CB-5698D99B3F91}.Release|ARM.Build.0 = Release|ARM
		{7CE6CDD9-C5C7-4287-B6CB-5698D99B3F91}.Release|ARM.Deploy.0 = Release|ARM
		{7CE6CDD9-C5C7-4287-B6CB-5698D99B3F91}.Release|x64.ActiveCfg = Release|x64
		{7CE6CDD9-C5C7-4287-B6CB-5698D99B3F91}.Release|x64.Build.0 = Release|x64
		{7CE6CDD9-C5C7-4287-B6CB-5698D99B3F91}.Release|x64.Deploy.0 = Release|x64
		{7CE6CDD9-C5C7-4287-B6CB-5698D99B3F91}.Release|x86.ActiveCfg = Release|x86
		{7CE6CDD9-C5C7-4287-B6CB-5698D99B3F91}.Release|x86.Build.0 = Release|x86
		{7CE6CDD9-C5C7-4287-B6CB-5698D99B3F91}.Release|x86.Deploy.0 = Release|x86
		{4E0A1EA3-2B36-424E-ABF0-15DD774332E9}.Debug|Any CPU.ActiveCfg = Debug|x86
		{4E0A1EA3-2B36-424E-ABF0-15DD774332E9}.Debug|ARM.ActiveCfg = Debug|ARM
		{4E0A1EA3-2B36-424E-ABF0-15DD774332E9}.Debug|ARM.Build.0 = Debug|ARM
		{4E0A1EA3-2B36-424E-ABF0-15DD774332E9}.Debug|ARM.Deploy.0 = Debug|ARM
		{4E0A1EA3-2B36-424E-ABF0-15DD774332E9}.Debug|x64.ActiveCfg = Debug|x64
		{4E0A1EA3-2B36-424E-ABF0-15DD774332E9}.Debug|x64.Build.0 = Debug|x64
		{4E0A1EA3-2B36-424E-ABF0-15DD774332E9}.Debug|x64.Deploy.0 = Debug|x64
		{4E0A1EA3-2B36-424E-ABF0-15DD774332E9}.Debug|x86.ActiveCfg = Debug|x86
		{4E0A1EA3-2B36-424E-ABF0-15DD774332E9}.Debug|x86.Build.0 = Debug|x86
		{4E0A1EA3-2B36-424E-ABF0-15DD774332E9}.Debug|x86.Deploy.0 = Debug|x86
		{4E0A1EA3-2B36-424E-ABF0-15DD774332E9}.Release|Any CPU.ActiveCfg = Release|x86
		{4E0A1EA3-2B36-424E-ABF0-15DD774332E9}.Release|ARM.ActiveCfg = Release|ARM
		{4E0A1EA3-2B36-424E-ABF0-15DD774332E9}.Release|ARM.Build.0 = Release|ARM
		{4E0A1EA3-2B36-424E-ABF0-15DD774332E9}.Release|ARM.Deploy.0 = Release|ARM
		{4E0A1EA3-2B36-424E-ABF0-15DD774332E9}.Release|x64.ActiveCfg = Release|x64
		{4E0A1EA3-2B36-424E-ABF0-15DD774332E9}.Release|x64.Build.0 = Release|x64
		{4E0A1EA3-2B36-424E-ABF0-15DD774332E9}.Release|x64.Deploy.0 = Release|x64
		{4E0A1EA3-2B36-424E-ABF0-15DD774332E9}.Release|x86.ActiveCfg = Release|x86
		{4E0A1EA3-2B36-424E-ABF0-15DD774332E9}.Release|x86.Build.0 = Release|x86
		{4E0A1EA3-2B36-424E-ABF0-15DD774332E9}.Release|x86.Deploy.0 = Release|x86
		{9154EA33-632B-4C4E-BBE7-A40FF309D2BF}.Debug|Any CPU.ActiveCfg = Debug|Win32
		{9154EA33-632B-4C4E-BBE7-A40FF309D2BF}.Debug|ARM.ActiveCfg = Debug|ARM
		{9154EA33-632B-4C4E-BBE7-A40FF309D2BF}.Debug|ARM.Build.0 = Debug|ARM
		{9154EA33-632B-4C4E-BBE7-A40FF309D2BF}.Debug|ARM.Deploy.0 = Debug|ARM
		{9154EA33-632B-4C4E-BBE7-A40FF309D2BF}.Debug|x64.ActiveCfg = Debug|x64
		{9154EA33-632B-4C4E-BBE7-A40FF309D2BF}.Debug|x64.Build.0 = Debug|x64
		{9154EA33-632B-4C4E-BBE7-A40FF309D2BF}.Debug|x64.Deploy.0 = Debug|x64
		{9154EA33-632B-4C4E-BBE7-A40FF309D2BF}.Debug|x86.ActiveCfg = Debug|Win32
		{9154EA33-632B-4C4E-BBE7-A40FF309D2BF}.Debug|x86.Build.0 = Debug|Win32
		{9154EA33-632B-4C4E-BBE7-A40FF309D2BF}.Debug|x86.Deploy.0 = Debug|Win32
		{9154EA33-632B-4C4E-BBE7-A40FF309D2BF}.Release|Any CPU.ActiveCfg = Release|Win32
		{9154EA33-632B-4C4E-BBE7-A40FF309D2BF}.Release|ARM.ActiveCfg = Release|ARM
		{9154EA33-632B-4C4E-BBE7-A40FF309D2BF}.Release|ARM.Build.0 = Release|ARM
		{9154EA33-632B-4C4E-BBE7-A40FF309D2BF}.Release|ARM.Deploy.0 = Release|ARM
		{9154EA33-632B-4C4E-BBE7-A40FF309D2BF}.Release|x64.ActiveCfg = Release|x64
		{9154EA33-632B-4C4E-BBE7-A40FF309D2BF}.Release|x64.Build.0 = Release|x64
		{9154EA33-632B-4C4E-BBE7-A40FF309D2BF}.Release|x64.Deploy.0 = Release|x64
		{9154EA33-632B-4C4E-BBE7-A40FF309D2BF}.Release|x86.ActiveCfg = Release|Win32
		{9154EA33-632B-4C4E-BBE7-A40FF309D2BF}.Release|x86.Build.0 = Release|Win32
		{9154EA33-632B-4C4E-BBE7-A40FF309D2BF}.Release|x86.Deploy.0 = Release|Win32
		{A6AB7948-81B2-47B4-9483-AF2274AEA669}.Debug|Any CPU.ActiveCfg = Debug|Any CPU
		{A6AB7948-81B2-47B4-9483-AF2274AEA669}.Debug|Any CPU.Build.0 = Debug|Any CPU
		{A6AB7948-81B2-47B4-9483-AF2274AEA669}.Debug|Any CPU.Deploy.0 = Debug|Any CPU
		{A6AB7948-81B2-47B4-9483-AF2274AEA669}.Debug|ARM.ActiveCfg = Debug|ARM
		{A6AB7948-81B2-47B4-9483-AF2274AEA669}.Debug|ARM.Build.0 = Debug|ARM
		{A6AB7948-81B2-47B4-9483-AF2274AEA669}.Debug|ARM.Deploy.0 = Debug|ARM
		{A6AB7948-81B2-47B4-9483-AF2274AEA669}.Debug|x64.ActiveCfg = Debug|x64
		{A6AB7948-81B2-47B4-9483-AF2274AEA669}.Debug|x64.Build.0 = Debug|x64
		{A6AB7948-81B2-47B4-9483-AF2274AEA669}.Debug|x64.Deploy.0 = Debug|x64
		{A6AB7948-81B2-47B4-9483-AF2274AEA669}.Debug|x86.ActiveCfg = Debug|x86
		{A6AB7948-81B2-47B4-9483-AF2274AEA669}.Debug|x86.Build.0 = Debug|x86
		{A6AB7948-81B2-47B4-9483-AF2274AEA669}.Debug|x86.Deploy.0 = Debug|x86
		{A6AB7948-81B2-47B4-9483-AF2274AEA669}.Release|Any CPU.ActiveCfg = Release|Any CPU
		{A6AB7948-81B2-47B4-9483-AF2274AEA669}.Release|Any CPU.Build.0 = Release|Any CPU
		{A6AB7948-81B2-47B4-9483-AF2274AEA669}.Release|Any CPU.Deploy.0 = Release|Any CPU
		{A6AB7948-81B2-47B4-9483-AF2274AEA669}.Release|ARM.ActiveCfg = Release|ARM
		{A6AB7948-81B2-47B4-9483-AF2274AEA669}.Release|ARM.Build.0 = Release|ARM
		{A6AB7948-81B2-47B4-9483-AF2274AEA669}.Release|ARM.Deploy.0 = Release|ARM
		{A6AB7948-81B2-47B4-9483-AF2274AEA669}.Release|x64.ActiveCfg = Release|x64
		{A6AB7948-81B2-47B4-9483-AF2274AEA669}.Release|x64.Build.0 = Release|x64
		{A6AB7948-81B2-47B4-9483-AF2274AEA669}.Release|x64.Deploy.0 = Release|x64
		{A6AB7948-81B2-47B4-9483-AF2274AEA669}.Release|x86.ActiveCfg = Release|x86
		{A6AB7948-81B2-47B4-9483-AF2274AEA669}.Release|x86.Build.0 = Release|x86
		{A6AB7948-81B2-47B4-9483-AF2274AEA669}.Release|x86.Deploy.0 = Release|x86
	EndGlobalSection
	GlobalSection(SolutionProperties) = preSolution
		HideSolutionNode = FALSE
	EndGlobalSection
EndGlobal
